
Microsoft Visual Studio Solution File, Format Version 12.00
# Visual Studio Version 16
VisualStudioVersion = 16.0.28803.156
MinimumVisualStudioVersion = 10.0.40219.1
Project("{FAE04EC0-301F-11D3-BF4B-00C04F79EFBC}") = "WcfServiceLibraryX", "WcfServiceLibraryX\WcfServiceLibraryX.csproj", "{255F7A04-2D56-4677-BE4B-69308047C54A}"
EndProject
Project("{FAE04EC0-301F-11D3-BF4B-00C04F79EFBC}") = "WF_Host", "WF_Host\WF_Host.csproj", "{4714EC11-473C-4BB9-8E88-3D6390EC4B7D}"
EndProject
Project("{FAE04EC0-301F-11D3-BF4B-00C04F79EFBC}") = "WF_Client", "WF_Client\WF_Client.csproj", "{915F0832-E279-471E-A907-405A1D768840}"
	ProjectSection(ProjectDependencies) = postProject
		{255F7A04-2D56-4677-BE4B-69308047C54A} = {255F7A04-2D56-4677-BE4B-69308047C54A}
	EndProjectSection
EndProject
Global
	GlobalSection(SolutionConfigurationPlatforms) = preSolution
		Debug|Any CPU = Debug|Any CPU
		Release|Any CPU = Release|Any CPU
	EndGlobalSection
	GlobalSection(ProjectConfigurationPlatforms) = postSolution
		{255F7A04-2D56-4677-BE4B-69308047C54A}.Debug|Any CPU.ActiveCfg = Debug|Any CPU
		{255F7A04-2D56-4677-BE4B-69308047C54A}.Debug|Any CPU.Build.0 = Debug|Any CPU
		{255F7A04-2D56-4677-BE4B-69308047C54A}.Release|Any CPU.ActiveCfg = Release|Any CPU
		{255F7A04-2D56-4677-BE4B-69308047C54A}.Release|Any CPU.Build.0 = Release|Any CPU
		{4714EC11-473C-4BB9-8E88-3D6390EC4B7D}.Debug|Any CPU.ActiveCfg = Debug|Any CPU
		{4714EC11-473C-4BB9-8E88-3D6390EC4B7D}.Debug|Any CPU.Build.0 = Debug|Any CPU
		{4714EC11-473C-4BB9-8E88-3D6390EC4B7D}.Release|Any CPU.ActiveCfg = Release|Any CPU
		{4714EC11-473C-4BB9-8E88-3D6390EC4B7D}.Release|Any CPU.Build.0 = Release|Any CPU
		{915F0832-E279-471E-A907-405A1D768840}.Debug|Any CPU.ActiveCfg = Debug|Any CPU
		{915F0832-E279-471E-A907-405A1D768840}.Debug|Any CPU.Build.0 = Debug|Any CPU
		{915F0832-E279-471E-A907-405A1D768840}.Release|Any CPU.ActiveCfg = Release|Any CPU
		{915F0832-E279-471E-A907-405A1D768840}.Release|Any CPU.Build.0 = Release|Any CPU
	EndGlobalSection
	GlobalSection(SolutionProperties) = preSolution
		HideSolutionNode = FALSE
	EndGlobalSection
	GlobalSection(ExtensibilityGlobals) = postSolution
		SolutionGuid = {EF3796B9-BE66-46FC-B9D9-9578D6539C1B}
	EndGlobalSection
EndGlobal
